<?xml version="1.0" encoding="utf-8"?>
<Project ToolsVersion="4.0" xmlns="http://schemas.microsoft.com/developer/msbuild/2003">
  <ItemGroup>
    <Filter Include="Source Files">
      <UniqueIdentifier>{4FC737F1-C7A5-4376-A066-2A32D752A2FF}</UniqueIdentifier>
      <Extensions>cpp;c;cc;cxx;def;odl;idl;hpj;bat;asm;asmx</Extensions>
    </Filter>
    <Filter Include="Header Files">
      <UniqueIdentifier>{93995380-89BD-4b04-88EB-625FBE52EBFB}</UniqueIdentifier>
      <Extensions>h;hh;hpp;hxx;hm;inl;inc;xsd</Extensions>
    </Filter>
    <Filter Include="Resource Files">
      <UniqueIdentifier>{67DA6AB6-F800-4c08-8B7A-83BB121AAD01}</UniqueIdentifier>
      <Extensions>rc;ico;cur;bmp;dlg;rc2;rct;bin;rgs;gif;jpg;jpeg;jpe;resx;tiff;tif;png;wav;mfcribbon-ms</Extensions>
    </Filter>
    <Filter Include="Shader">
      <UniqueIdentifier>{05326d47-548e-4fca-90d7-0e1e602b0e12}</UniqueIdentifier>
    </Filter>
    <Filter Include="scenario2Driven">
      <UniqueIdentifier>{f6f866c1-b76b-483d-a857-812b24d4c354}</UniqueIdentifier>
    </Filter>
    <Filter Include="cameraDriven">
      <UniqueIdentifier>{1ed346f6-3b51-4765-b2b3-2ae122bb4537}</UniqueIdentifier>
    </Filter>
    <Filter Include="loadingScreenDriven">
      <UniqueIdentifier>{1adf3c1d-a83b-44d6-a5ae-5b31e859737f}</UniqueIdentifier>
    </Filter>
    <Filter Include="sekheng">
      <UniqueIdentifier>{d4d8f671-dffc-45d2-a3d3-c53b830200ad}</UniqueIdentifier>
    </Filter>
    <Filter Include="scenario1Driven">
      <UniqueIdentifier>{23b7dea5-ba96-4af2-834b-6d3c6d9f9323}</UniqueIdentifier>
    </Filter>
    <Filter Include="NPC data">
      <UniqueIdentifier>{fd77163e-f5bc-49f0-a9e2-5d32d5f0aa57}</UniqueIdentifier>
    </Filter>
    <Filter Include="scenario3Driven">
      <UniqueIdentifier>{b7cfb7db-df03-4161-8216-2fb93f5866b0}</UniqueIdentifier>
    </Filter>
    <Filter Include="rot_civ">
      <UniqueIdentifier>{45823145-7a69-43bf-8e1d-e307a04d9747}</UniqueIdentifier>
    </Filter>
  </ItemGroup>
  <ItemGroup>
    <None Include="Shader\Texture.vertexshader">
      <Filter>Shader</Filter>
    </None>
    <None Include="Shader\Text.fragmentshader">
      <Filter>Shader</Filter>
    </None>
  </ItemGroup>
  <ItemGroup>
    <ClCompile Include="Source\Application.cpp">
      <Filter>Source Files</Filter>
    </ClCompile>
    <ClCompile Include="Source\main.cpp">
      <Filter>Source Files</Filter>
    </ClCompile>
    <ClCompile Include="Source\shader.cpp">
      <Filter>Source Files</Filter>
    </ClCompile>
    <ClCompile Include="Source\Camera.cpp">
      <Filter>Source Files</Filter>
    </ClCompile>
    <ClCompile Include="Source\Mesh.cpp">
      <Filter>Source Files</Filter>
    </ClCompile>
    <ClCompile Include="Source\MeshBuilder.cpp">
      <Filter>Source Files</Filter>
    </ClCompile>
    <ClCompile Include="Source\Utility.cpp">
      <Filter>Source Files</Filter>
    </ClCompile>
    <ClCompile Include="Source\MaterialBuilder.cpp">
      <Filter>Source Files</Filter>
    </ClCompile>
    <ClCompile Include="Source\LoadTGA.cpp">
      <Filter>Source Files</Filter>
    </ClCompile>
    <ClCompile Include="Source\Camera3.cpp">
      <Filter>Source Files</Filter>
    </ClCompile>
    <ClCompile Include="Source\LoadOBJ.cpp">
      <Filter>Source Files</Filter>
    </ClCompile>
    <ClCompile Include="Source\GameObject.cpp">
      <Filter>Source Files</Filter>
    </ClCompile>
    <ClCompile Include="Source\sceneSP2.cpp">
      <Filter>Source Files</Filter>
    </ClCompile>
    <ClCompile Include="Source\scene2_SP2.cpp">
      <Filter>Source Files</Filter>
    </ClCompile>
    <ClCompile Include="Source\objectsForDisplay.cpp">
      <Filter>Source Files</Filter>
    </ClCompile>
    <ClCompile Include="Source\scene3_SP2.cpp">
      <Filter>Source Files</Filter>
    </ClCompile>
    <ClCompile Include="Source\StationScene.cpp">
      <Filter>Source Files</Filter>
    </ClCompile>
    <ClCompile Include="Source\NPC.cpp">
      <Filter>Source Files</Filter>
    </ClCompile>
    <ClCompile Include="Source\rot_civ.cpp">
      <Filter>Source Files</Filter>
    </ClCompile>
    <ClCompile Include="Source\NumPad.cpp">
      <Filter>Source Files</Filter>
    </ClCompile>
    <ClCompile Include="Source\Quest.cpp">
      <Filter>Source Files</Filter>
    </ClCompile>
    <ClCompile Include="Source\LoadingScreen.cpp">
      <Filter>Source Files</Filter>
    </ClCompile>
    <ClCompile Include="Source\BGMDriven.cpp">
      <Filter>Source Files</Filter>
    </ClCompile>
    <ClCompile Include="Source\SekHeng.cpp">
      <Filter>Source Files</Filter>
    </ClCompile>
    <ClCompile Include="Source\creditScene.cpp">
      <Filter>Source Files</Filter>
    </ClCompile>
    <ClCompile Include="Source\scene2_minigame.cpp">
      <Filter>Source Files</Filter>
    </ClCompile>
  </ItemGroup>
  <ItemGroup>
    <ClInclude Include="Source\Scene.h">
      <Filter>Header Files</Filter>
    </ClInclude>
    <ClInclude Include="Source\Camera.h">
      <Filter>Header Files</Filter>
    </ClInclude>
    <ClInclude Include="Source\Mesh.h">
      <Filter>Header Files</Filter>
    </ClInclude>
    <ClInclude Include="Source\MeshBuilder.h">
      <Filter>Header Files</Filter>
    </ClInclude>
    <ClInclude Include="Source\Vertex.h">
      <Filter>Header Files</Filter>
    </ClInclude>
    <ClInclude Include="Source\Light.h">
      <Filter>Header Files</Filter>
    </ClInclude>
    <ClInclude Include="Source\Material.h">
      <Filter>Header Files</Filter>
    </ClInclude>
    <ClInclude Include="Source\Utility.h">
      <Filter>Header Files</Filter>
    </ClInclude>
    <ClInclude Include="Source\MaterialBuilder.h">
      <Filter>Header Files</Filter>
    </ClInclude>
    <ClInclude Include="Source\LoadTGA.h">
      <Filter>Header Files</Filter>
    </ClInclude>
    <ClInclude Include="Source\Camera3.h">
      <Filter>Header Files</Filter>
    </ClInclude>
    <ClInclude Include="Source\LoadOBJ.h">
      <Filter>Header Files</Filter>
    </ClInclude>
    <ClInclude Include="Source\Application.h">
      <Filter>Header Files</Filter>
    </ClInclude>
    <ClInclude Include="Source\DetectMemoryLeak.h">
      <Filter>Header Files</Filter>
    </ClInclude>
    <ClInclude Include="Source\GameObject.h">
      <Filter>Header Files</Filter>
    </ClInclude>
    <ClInclude Include="Source\sceneSP2.h">
      <Filter>Header Files</Filter>
    </ClInclude>
    <ClInclude Include="Source\shader.hpp">
      <Filter>Header Files</Filter>
    </ClInclude>
    <ClInclude Include="Source\scene2_SP2.h">
      <Filter>Header Files</Filter>
    </ClInclude>
    <ClInclude Include="Source\objectsForDisplay.h">
      <Filter>Header Files</Filter>
    </ClInclude>
    <ClInclude Include="Source\scene3_SP2.h">
      <Filter>Header Files</Filter>
    </ClInclude>
    <ClInclude Include="Source\StationScene.h">
      <Filter>Header Files</Filter>
    </ClInclude>
    <ClInclude Include="Source\NPC.h">
      <Filter>Header Files</Filter>
    </ClInclude>
    <ClInclude Include="Source\rot_civ.h">
      <Filter>Header Files</Filter>
    </ClInclude>
    <ClInclude Include="Source\NumPad.h">
      <Filter>Header Files</Filter>
    </ClInclude>
    <ClInclude Include="Source\Quest.h">
      <Filter>Header Files</Filter>
    </ClInclude>
    <ClInclude Include="Source\LoadingScreen.h">
      <Filter>Header Files</Filter>
    </ClInclude>
    <ClInclude Include="Source\BGMDriven.h">
      <Filter>Header Files</Filter>
    </ClInclude>
    <ClInclude Include="Source\SekHeng.h">
      <Filter>Header Files</Filter>
    </ClInclude>
    <ClInclude Include="Source\creditScene.h">
      <Filter>Header Files</Filter>
    </ClInclude>
    <ClInclude Include="Source\scene2_minigame.h">
      <Filter>Header Files</Filter>
    </ClInclude>
  </ItemGroup>
  <ItemGroup>
    <Text Include="scenario2Driven\objects.txt">
      <Filter>scenario2Driven</Filter>
    </Text>
    <Text Include="cameraDriven\scene1.txt">
      <Filter>cameraDriven</Filter>
    </Text>
    <Text Include="cameraDriven\scene2.txt">
      <Filter>cameraDriven</Filter>
    </Text>
    <Text Include="cameraDriven\scene3.txt">
      <Filter>cameraDriven</Filter>
    </Text>
    <Text Include="loadingScreenDriven\hints.txt">
      <Filter>loadingScreenDriven</Filter>
    </Text>
    <Text Include="sekheng\dialogues.txt">
      <Filter>sekheng</Filter>
    </Text>
    <Text Include="sekheng\sek_heng_stuff.txt">
      <Filter>sekheng</Filter>
    </Text>
    <Text Include="scenario1Driven\objects.txt">
      <Filter>scenario1Driven</Filter>
    </Text>
    <Text Include="NPC data\Najib.txt">
      <Filter>NPC data</Filter>
    </Text>
    <Text Include="NPC data\NPC_1.txt">
      <Filter>NPC data</Filter>
    </Text>
    <Text Include="NPC data\NPC_2.txt">
      <Filter>NPC data</Filter>
    </Text>
    <Text Include="scenario3Driven\all_static_OBJ.txt">
      <Filter>scenario3Driven</Filter>
    </Text>
    <Text Include="scenario3Driven\credits.txt">
      <Filter>scenario3Driven</Filter>
    </Text>
    <Text Include="scenario3Driven\README.txt">
      <Filter>scenario3Driven</Filter>
    </Text>
    <Text Include="scenario2Driven\quicktimeevent.txt">
      <Filter>scenario2Driven</Filter>
    </Text>
    <Text Include="rot_civ\rot_civ_dialogues.txt">
      <Filter>rot_civ</Filter>
    </Text>
    <Text Include="rot_civ\rot_civ_stuff.txt">
      <Filter>rot_civ</Filter>
    </Text>
    <Text Include="NPC data\NPC_3.txt">
      <Filter>NPC data</Filter>
    </Text>
  </ItemGroup>
</Project>